
Microsoft Visual Studio Solution File, Format Version 12.00
# Visual Studio 15
VisualStudioVersion = 15.0.27703.2035
MinimumVisualStudioVersion = 10.0.40219.1
Project("{FAE04EC0-301F-11D3-BF4B-00C04F79EFBC}") = "ConsoleThread", "ConsoleThread\ConsoleThread.csproj", "{F21CECE1-7533-4B29-83DA-210DD976C992}"
EndProject
Project("{FAE04EC0-301F-11D3-BF4B-00C04F79EFBC}") = "ConsoleAsync", "ConsoleAsync\ConsoleAsync.csproj", "{DE42B92F-5BFA-49F8-8128-331268916536}"
EndProject
Global
	GlobalSection(SolutionConfigurationPlatforms) = preSolution
		Debug|Any CPU = Debug|Any CPU
		Release|Any CPU = Release|Any CPU
	EndGlobalSection
	GlobalSection(ProjectConfigurationPlatforms) = postSolution
		{F21CECE1-7533-4B29-83DA-210DD976C992}.Debug|Any CPU.ActiveCfg = Debug|Any CPU
		{F21CECE1-7533-4B29-83DA-210DD976C992}.Debug|Any CPU.Build.0 = Debug|Any CPU
		{F21CECE1-7533-4B29-83DA-210DD976C992}.Release|Any CPU.ActiveCfg = Release|Any CPU
		{F21CECE1-7533-4B29-83DA-210DD976C992}.Release|Any CPU.Build.0 = Release|Any CPU
		{DE42B92F-5BFA-49F8-8128-331268916536}.Debug|Any CPU.ActiveCfg = Debug|Any CPU
		{DE42B92F-5BFA-49F8-8128-331268916536}.Debug|Any CPU.Build.0 = Debug|Any CPU
		{DE42B92F-5BFA-49F8-8128-331268916536}.Release|Any CPU.ActiveCfg = Release|Any CPU
		{DE42B92F-5BFA-49F8-8128-331268916536}.Release|Any CPU.Build.0 = Release|Any CPU
	EndGlobalSection
	GlobalSection(SolutionProperties) = preSolution
		HideSolutionNode = FALSE
	EndGlobalSection
	GlobalSection(ExtensibilityGlobals) = postSolution
		SolutionGuid = {30AE1F83-5076-4730-A3F4-C0FDCA25863F}
	EndGlobalSection
EndGlobal
